{
  "name": "lyric_displayer_web",
  "version": "1.0.0",
  "lockfileVersion": 3,
  "requires": true,
  "packages": {
    "": {
      "name": "lyric_displayer_web",
      "version": "1.0.0",
      "license": "ISC",
      "dependencies": {
        "js-arabic-reshaper": "^1.0.0"
      }
    },
    "node_modules/js-arabic-reshaper": {
      "version": "1.0.0",
      "resolved": "https://registry.npmjs.org/js-arabic-reshaper/-/js-arabic-reshaper-1.0.0.tgz",
      "integrity": "sha512-kFsKrqRgi00Txd/su5GM/m0brm4cV+Gc6o/16HlniILE8lpJGcJn65MapSRUzfG5Gk38UiAtqu8HqL+b9e55Hw==",
      "license": "GPL-3.0"
    }
  }
}
